{
  "name": "doc-merger-poc",
  "version": "1.0.0",
  "lockfileVersion": 1,
  "requires": true,
  "dependencies": {
    "docx-merger": {
      "version": "1.2.2",
      "resolved": "https://registry.npmjs.org/docx-merger/-/docx-merger-1.2.2.tgz",
      "integrity": "sha512-hHfswb8pxq/zsY59N+Keigie4xhfgNe4rDCFTQtcVoKOLAgG5aEz1a1fkG8VuGPS2vqCuxS9x5hxW6i1SPBbSw==",
      "requires": {
        "jszip": "^2.6.1",
        "xmldom": "^0.1.27"
      }
    },
    "jszip": {
      "version": "2.6.1",
      "resolved": "https://registry.npmjs.org/jszip/-/jszip-2.6.1.tgz",
      "integrity": "sha1-uI86ey5noqBIFSmCx6N1bZxIKPA=",
      "requires": {
        "pako": "~1.0.2"
      }
    },
    "pako": {
      "version": "1.0.10",
      "resolved": "https://registry.npmjs.org/pako/-/pako-1.0.10.tgz",
      "integrity": "sha512-0DTvPVU3ed8+HNXOu5Bs+o//Mbdj9VNQMUOe9oKCwh8l0GNwpTDMKCWbRjgtD291AWnkAgkqA/LOnQS8AmS1tw=="
    },
    "xmldom": {
      "version": "0.1.27",
      "resolved": "https://registry.npmjs.org/xmldom/-/xmldom-0.1.27.tgz",
      "integrity": "sha1-1QH5ezvbQDr4757MIFcxh6rawOk="
    }
  }
}
